// !$*UTF8*$!
{
	archiveVersion = 1;
	classes = {
	};
	objectVersion = 51;
	objects = {

/* Begin PBXBuildFile section */
		0DDEF9727477546B175F14DD /* Pods_amiibo_swiftUITests.framework in Frameworks */ = {isa = PBXBuildFile; fileRef = 7278DD0F206C44CBFDBC45C2 /* Pods_amiibo_swiftUITests.framework */; };
		34FF131B12D9F66DFC546773 /* Pods_amiibo_swiftTests.framework in Frameworks */ = {isa = PBXBuildFile; fileRef = FF3F69545C85883BB75E1EAE /* Pods_amiibo_swiftTests.framework */; };
		4CB0E11957D8EE9E9C22482C /* Pods_amiibo_swift.framework in Frameworks */ = {isa = PBXBuildFile; fileRef = 9C9A16EE45FE31F955584DF5 /* Pods_amiibo_swift.framework */; };
		ED789C11EAE48938B05CBE61 /* Pods_Services.framework in Frameworks */ = {isa = PBXBuildFile; fileRef = 636641E011A96A68A727DE8A /* Pods_Services.framework */; };
		EE0A8831265BA94E00DE81FE /* Services.framework in Frameworks */ = {isa = PBXBuildFile; fileRef = EE0A8828265BA94D00DE81FE /* Services.framework */; };
		EE0A8838265BA94E00DE81FE /* ServicesTests.swift in Sources */ = {isa = PBXBuildFile; fileRef = EE0A8837265BA94E00DE81FE /* ServicesTests.swift */; };
		EE0A883A265BA94E00DE81FE /* Services.h in Headers */ = {isa = PBXBuildFile; fileRef = EE0A882A265BA94D00DE81FE /* Services.h */; settings = {ATTRIBUTES = (Public, ); }; };
		EE0A883D265BA94E00DE81FE /* Services.framework in Frameworks */ = {isa = PBXBuildFile; fileRef = EE0A8828265BA94D00DE81FE /* Services.framework */; };
		EE0A883E265BA94E00DE81FE /* Services.framework in Embed Frameworks */ = {isa = PBXBuildFile; fileRef = EE0A8828265BA94D00DE81FE /* Services.framework */; settings = {ATTRIBUTES = (CodeSignOnCopy, RemoveHeadersOnCopy, ); }; };
		EE469EB0265D09EC005BAA3A /* GoogleService-Info.plist in Resources */ = {isa = PBXBuildFile; fileRef = EE469EAF265D09EC005BAA3A /* GoogleService-Info.plist */; };
		EE469EB1265D09EC005BAA3A /* GoogleService-Info.plist in Resources */ = {isa = PBXBuildFile; fileRef = EE469EAF265D09EC005BAA3A /* GoogleService-Info.plist */; };
		EE469EB2265D09EC005BAA3A /* GoogleService-Info.plist in Resources */ = {isa = PBXBuildFile; fileRef = EE469EAF265D09EC005BAA3A /* GoogleService-Info.plist */; };
		EE469EB3265D0A41005BAA3A /* GoogleService-Info.plist in Resources */ = {isa = PBXBuildFile; fileRef = EE469EAF265D09EC005BAA3A /* GoogleService-Info.plist */; };
		EE469EB4265D0A41005BAA3A /* GoogleService-Info.plist in Resources */ = {isa = PBXBuildFile; fileRef = EE469EAF265D09EC005BAA3A /* GoogleService-Info.plist */; };
		EE8B8002265F574A0047B43A /* Font.swift in Sources */ = {isa = PBXBuildFile; fileRef = EE8B8001265F574A0047B43A /* Font.swift */; };
		EE8B8003265F574F0047B43A /* Font.swift in Sources */ = {isa = PBXBuildFile; fileRef = EE8B8001265F574A0047B43A /* Font.swift */; };
		EE8B8004265F57500047B43A /* Font.swift in Sources */ = {isa = PBXBuildFile; fileRef = EE8B8001265F574A0047B43A /* Font.swift */; };
		EE8B8016265F5BDA0047B43A /* Nunito-BlackItalic.ttf in Resources */ = {isa = PBXBuildFile; fileRef = EE8B8008265F5BCB0047B43A /* Nunito-BlackItalic.ttf */; };
		EE8B8017265F5BDA0047B43A /* Nunito-BlackItalic.ttf in Resources */ = {isa = PBXBuildFile; fileRef = EE8B8008265F5BCB0047B43A /* Nunito-BlackItalic.ttf */; };
		EE8B8018265F5BDA0047B43A /* Nunito-BlackItalic.ttf in Resources */ = {isa = PBXBuildFile; fileRef = EE8B8008265F5BCB0047B43A /* Nunito-BlackItalic.ttf */; };
		EE8B8019265F5BDA0047B43A /* Nunito-BoldItalic.ttf in Resources */ = {isa = PBXBuildFile; fileRef = EE8B8009265F5BCC0047B43A /* Nunito-BoldItalic.ttf */; };
		EE8B801A265F5BDA0047B43A /* Nunito-BoldItalic.ttf in Resources */ = {isa = PBXBuildFile; fileRef = EE8B8009265F5BCC0047B43A /* Nunito-BoldItalic.ttf */; };
		EE8B801B265F5BDA0047B43A /* Nunito-BoldItalic.ttf in Resources */ = {isa = PBXBuildFile; fileRef = EE8B8009265F5BCC0047B43A /* Nunito-BoldItalic.ttf */; };
		EE8B801C265F5BDA0047B43A /* Nunito-SemiBoldItalic.ttf in Resources */ = {isa = PBXBuildFile; fileRef = EE8B800A265F5BCD0047B43A /* Nunito-SemiBoldItalic.ttf */; };
		EE8B801D265F5BDA0047B43A /* Nunito-SemiBoldItalic.ttf in Resources */ = {isa = PBXBuildFile; fileRef = EE8B800A265F5BCD0047B43A /* Nunito-SemiBoldItalic.ttf */; };
		EE8B801E265F5BDA0047B43A /* Nunito-SemiBoldItalic.ttf in Resources */ = {isa = PBXBuildFile; fileRef = EE8B800A265F5BCD0047B43A /* Nunito-SemiBoldItalic.ttf */; };
		EE8B801F265F5BDA0047B43A /* Nunito-Light.ttf in Resources */ = {isa = PBXBuildFile; fileRef = EE8B800B265F5BCE0047B43A /* Nunito-Light.ttf */; };
		EE8B8020265F5BDA0047B43A /* Nunito-Light.ttf in Resources */ = {isa = PBXBuildFile; fileRef = EE8B800B265F5BCE0047B43A /* Nunito-Light.ttf */; };
		EE8B8021265F5BDA0047B43A /* Nunito-Light.ttf in Resources */ = {isa = PBXBuildFile; fileRef = EE8B800B265F5BCE0047B43A /* Nunito-Light.ttf */; };
		EE8B8022265F5BDA0047B43A /* Nunito-SemiBold.ttf in Resources */ = {isa = PBXBuildFile; fileRef = EE8B800C265F5BCF0047B43A /* Nunito-SemiBold.ttf */; };
		EE8B8023265F5BDA0047B43A /* Nunito-SemiBold.ttf in Resources */ = {isa = PBXBuildFile; fileRef = EE8B800C265F5BCF0047B43A /* Nunito-SemiBold.ttf */; };
		EE8B8024265F5BDA0047B43A /* Nunito-SemiBold.ttf in Resources */ = {isa = PBXBuildFile; fileRef = EE8B800C265F5BCF0047B43A /* Nunito-SemiBold.ttf */; };
		EE8B8025265F5BDA0047B43A /* Nunito-Regular.ttf in Resources */ = {isa = PBXBuildFile; fileRef = EE8B800D265F5BD00047B43A /* Nunito-Regular.ttf */; };
		EE8B8026265F5BDA0047B43A /* Nunito-Regular.ttf in Resources */ = {isa = PBXBuildFile; fileRef = EE8B800D265F5BD00047B43A /* Nunito-Regular.ttf */; };
		EE8B8027265F5BDA0047B43A /* Nunito-Regular.ttf in Resources */ = {isa = PBXBuildFile; fileRef = EE8B800D265F5BD00047B43A /* Nunito-Regular.ttf */; };
		EE8B8028265F5BDA0047B43A /* Nunito-ExtraBoldItalic.ttf in Resources */ = {isa = PBXBuildFile; fileRef = EE8B800E265F5BD10047B43A /* Nunito-ExtraBoldItalic.ttf */; };
		EE8B8029265F5BDA0047B43A /* Nunito-ExtraBoldItalic.ttf in Resources */ = {isa = PBXBuildFile; fileRef = EE8B800E265F5BD10047B43A /* Nunito-ExtraBoldItalic.ttf */; };
		EE8B802A265F5BDA0047B43A /* Nunito-ExtraBoldItalic.ttf in Resources */ = {isa = PBXBuildFile; fileRef = EE8B800E265F5BD10047B43A /* Nunito-ExtraBoldItalic.ttf */; };
		EE8B802B265F5BDA0047B43A /* Nunito-ExtraLight.ttf in Resources */ = {isa = PBXBuildFile; fileRef = EE8B800F265F5BD20047B43A /* Nunito-ExtraLight.ttf */; };
		EE8B802C265F5BDA0047B43A /* Nunito-ExtraLight.ttf in Resources */ = {isa = PBXBuildFile; fileRef = EE8B800F265F5BD20047B43A /* Nunito-ExtraLight.ttf */; };
		EE8B802D265F5BDA0047B43A /* Nunito-ExtraLight.ttf in Resources */ = {isa = PBXBuildFile; fileRef = EE8B800F265F5BD20047B43A /* Nunito-ExtraLight.ttf */; };
		EE8B802E265F5BDA0047B43A /* Nunito-Bold.ttf in Resources */ = {isa = PBXBuildFile; fileRef = EE8B8010265F5BD30047B43A /* Nunito-Bold.ttf */; };
		EE8B802F265F5BDA0047B43A /* Nunito-Bold.ttf in Resources */ = {isa = PBXBuildFile; fileRef = EE8B8010265F5BD30047B43A /* Nunito-Bold.ttf */; };
		EE8B8030265F5BDA0047B43A /* Nunito-Bold.ttf in Resources */ = {isa = PBXBuildFile; fileRef = EE8B8010265F5BD30047B43A /* Nunito-Bold.ttf */; };
		EE8B8031265F5BDA0047B43A /* Nunito-ExtraLightItalic.ttf in Resources */ = {isa = PBXBuildFile; fileRef = EE8B8011265F5BD50047B43A /* Nunito-ExtraLightItalic.ttf */; };
		EE8B8032265F5BDA0047B43A /* Nunito-ExtraLightItalic.ttf in Resources */ = {isa = PBXBuildFile; fileRef = EE8B8011265F5BD50047B43A /* Nunito-ExtraLightItalic.ttf */; };
		EE8B8033265F5BDA0047B43A /* Nunito-ExtraLightItalic.ttf in Resources */ = {isa = PBXBuildFile; fileRef = EE8B8011265F5BD50047B43A /* Nunito-ExtraLightItalic.ttf */; };
		EE8B8034265F5BDA0047B43A /* Nunito-Italic.ttf in Resources */ = {isa = PBXBuildFile; fileRef = EE8B8012265F5BD60047B43A /* Nunito-Italic.ttf */; };
		EE8B8035265F5BDA0047B43A /* Nunito-Italic.ttf in Resources */ = {isa = PBXBuildFile; fileRef = EE8B8012265F5BD60047B43A /* Nunito-Italic.ttf */; };
		EE8B8036265F5BDA0047B43A /* Nunito-Italic.ttf in Resources */ = {isa = PBXBuildFile; fileRef = EE8B8012265F5BD60047B43A /* Nunito-Italic.ttf */; };
		EE8B8037265F5BDA0047B43A /* Nunito-LightItalic.ttf in Resources */ = {isa = PBXBuildFile; fileRef = EE8B8013265F5BD70047B43A /* Nunito-LightItalic.ttf */; };
		EE8B8038265F5BDA0047B43A /* Nunito-LightItalic.ttf in Resources */ = {isa = PBXBuildFile; fileRef = EE8B8013265F5BD70047B43A /* Nunito-LightItalic.ttf */; };
		EE8B8039265F5BDA0047B43A /* Nunito-LightItalic.ttf in Resources */ = {isa = PBXBuildFile; fileRef = EE8B8013265F5BD70047B43A /* Nunito-LightItalic.ttf */; };
		EE8B803A265F5BDA0047B43A /* Nunito-ExtraBold.ttf in Resources */ = {isa = PBXBuildFile; fileRef = EE8B8014265F5BD80047B43A /* Nunito-ExtraBold.ttf */; };
		EE8B803B265F5BDA0047B43A /* Nunito-ExtraBold.ttf in Resources */ = {isa = PBXBuildFile; fileRef = EE8B8014265F5BD80047B43A /* Nunito-ExtraBold.ttf */; };
		EE8B803C265F5BDA0047B43A /* Nunito-ExtraBold.ttf in Resources */ = {isa = PBXBuildFile; fileRef = EE8B8014265F5BD80047B43A /* Nunito-ExtraBold.ttf */; };
		EE8B803D265F5BDA0047B43A /* Nunito-Black.ttf in Resources */ = {isa = PBXBuildFile; fileRef = EE8B8015265F5BD90047B43A /* Nunito-Black.ttf */; };
		EE8B803E265F5BDA0047B43A /* Nunito-Black.ttf in Resources */ = {isa = PBXBuildFile; fileRef = EE8B8015265F5BD90047B43A /* Nunito-Black.ttf */; };
		EE8B803F265F5BDA0047B43A /* Nunito-Black.ttf in Resources */ = {isa = PBXBuildFile; fileRef = EE8B8015265F5BD90047B43A /* Nunito-Black.ttf */; };
		EEADBD00265F7916003DEB8F /* swiftgen.yml in Resources */ = {isa = PBXBuildFile; fileRef = EEADBCFF265F7916003DEB8F /* swiftgen.yml */; };
		EEADBD01265F7916003DEB8F /* swiftgen.yml in Resources */ = {isa = PBXBuildFile; fileRef = EEADBCFF265F7916003DEB8F /* swiftgen.yml */; };
		EEADBD02265F7916003DEB8F /* swiftgen.yml in Resources */ = {isa = PBXBuildFile; fileRef = EEADBCFF265F7916003DEB8F /* swiftgen.yml */; };
		EEADBD03265F7916003DEB8F /* swiftgen.yml in Resources */ = {isa = PBXBuildFile; fileRef = EEADBCFF265F7916003DEB8F /* swiftgen.yml */; };
		EEADBD04265F7916003DEB8F /* swiftgen.yml in Resources */ = {isa = PBXBuildFile; fileRef = EEADBCFF265F7916003DEB8F /* swiftgen.yml */; };
		EEADBD06265F792C003DEB8F /* Colors.swift in Sources */ = {isa = PBXBuildFile; fileRef = EEADBD05265F792C003DEB8F /* Colors.swift */; };
		EEADBD07265F792C003DEB8F /* Colors.swift in Sources */ = {isa = PBXBuildFile; fileRef = EEADBD05265F792C003DEB8F /* Colors.swift */; };
		EEADBD08265F792C003DEB8F /* Colors.swift in Sources */ = {isa = PBXBuildFile; fileRef = EEADBD05265F792C003DEB8F /* Colors.swift */; };
		EEADBD0C265F793F003DEB8F /* Storyboard.swift in Sources */ = {isa = PBXBuildFile; fileRef = EEADBD0B265F793F003DEB8F /* Storyboard.swift */; };
		EEADBD0D265F793F003DEB8F /* Storyboard.swift in Sources */ = {isa = PBXBuildFile; fileRef = EEADBD0B265F793F003DEB8F /* Storyboard.swift */; };
		EEADBD0E265F793F003DEB8F /* Storyboard.swift in Sources */ = {isa = PBXBuildFile; fileRef = EEADBD0B265F793F003DEB8F /* Storyboard.swift */; };
		EEADBD12265F794C003DEB8F /* StoryboardSegue.swift in Sources */ = {isa = PBXBuildFile; fileRef = EEADBD11265F794C003DEB8F /* StoryboardSegue.swift */; };
		EEADBD13265F794C003DEB8F /* StoryboardSegue.swift in Sources */ = {isa = PBXBuildFile; fileRef = EEADBD11265F794C003DEB8F /* StoryboardSegue.swift */; };
		EEADBD14265F794C003DEB8F /* StoryboardSegue.swift in Sources */ = {isa = PBXBuildFile; fileRef = EEADBD11265F794C003DEB8F /* StoryboardSegue.swift */; };
		EEADBD18265F799F003DEB8F /* Imges.swift in Sources */ = {isa = PBXBuildFile; fileRef = EEADBD17265F799F003DEB8F /* Imges.swift */; };
		EEADBD19265F799F003DEB8F /* Imges.swift in Sources */ = {isa = PBXBuildFile; fileRef = EEADBD17265F799F003DEB8F /* Imges.swift */; };
		EEADBD1A265F799F003DEB8F /* Imges.swift in Sources */ = {isa = PBXBuildFile; fileRef = EEADBD17265F799F003DEB8F /* Imges.swift */; };
		EEADBD1C265F7B89003DEB8F /* Colors.json in Resources */ = {isa = PBXBuildFile; fileRef = EEADBD1B265F7B89003DEB8F /* Colors.json */; };
		EEADBD1D265F7B89003DEB8F /* Colors.json in Resources */ = {isa = PBXBuildFile; fileRef = EEADBD1B265F7B89003DEB8F /* Colors.json */; };
		EEADBD1E265F7B89003DEB8F /* Colors.json in Resources */ = {isa = PBXBuildFile; fileRef = EEADBD1B265F7B89003DEB8F /* Colors.json */; };
		EEEEA937265BA335005CE457 /* AppDelegate.swift in Sources */ = {isa = PBXBuildFile; fileRef = EEEEA936265BA335005CE457 /* AppDelegate.swift */; };
		EEEEA939265BA335005CE457 /* SceneDelegate.swift in Sources */ = {isa = PBXBuildFile; fileRef = EEEEA938265BA335005CE457 /* SceneDelegate.swift */; };
		EEEEA93B265BA335005CE457 /* ViewController.swift in Sources */ = {isa = PBXBuildFile; fileRef = EEEEA93A265BA335005CE457 /* ViewController.swift */; };
		EEEEA93E265BA335005CE457 /* Main.storyboard in Resources */ = {isa = PBXBuildFile; fileRef = EEEEA93C265BA335005CE457 /* Main.storyboard */; };
		EEEEA940265BA337005CE457 /* Assets.xcassets in Resources */ = {isa = PBXBuildFile; fileRef = EEEEA93F265BA337005CE457 /* Assets.xcassets */; };
		EEEEA943265BA337005CE457 /* LaunchScreen.storyboard in Resources */ = {isa = PBXBuildFile; fileRef = EEEEA941265BA337005CE457 /* LaunchScreen.storyboard */; };
		EEEEA94E265BA337005CE457 /* amiibo_swiftTests.swift in Sources */ = {isa = PBXBuildFile; fileRef = EEEEA94D265BA337005CE457 /* amiibo_swiftTests.swift */; };
		EEEEA959265BA337005CE457 /* amiibo_swiftUITests.swift in Sources */ = {isa = PBXBuildFile; fileRef = EEEEA958265BA337005CE457 /* amiibo_swiftUITests.swift */; };
/* End PBXBuildFile section */

/* Begin PBXContainerItemProxy section */
		EE0A8832265BA94E00DE81FE /* PBXContainerItemProxy */ = {
			isa = PBXContainerItemProxy;
			containerPortal = EEEEA92B265BA334005CE457 /* Project object */;
			proxyType = 1;
			remoteGlobalIDString = EE0A8827265BA94D00DE81FE;
			remoteInfo = Services;
		};
		EE0A8834265BA94E00DE81FE /* PBXContainerItemProxy */ = {
			isa = PBXContainerItemProxy;
			containerPortal = EEEEA92B265BA334005CE457 /* Project object */;
			proxyType = 1;
			remoteGlobalIDString = EEEEA932265BA334005CE457;
			remoteInfo = "amiibo-swift";
		};
		EE0A883B265BA94E00DE81FE /* PBXContainerItemProxy */ = {
			isa = PBXContainerItemProxy;
			containerPortal = EEEEA92B265BA334005CE457 /* Project object */;
			proxyType = 1;
			remoteGlobalIDString = EE0A8827265BA94D00DE81FE;
			remoteInfo = Services;
		};
		EEEEA94A265BA337005CE457 /* PBXContainerItemProxy */ = {
			isa = PBXContainerItemProxy;
			containerPortal = EEEEA92B265BA334005CE457 /* Project object */;
			proxyType = 1;
			remoteGlobalIDString = EEEEA932265BA334005CE457;
			remoteInfo = "amiibo-swift";
		};
		EEEEA955265BA337005CE457 /* PBXContainerItemProxy */ = {
			isa = PBXContainerItemProxy;
			containerPortal = EEEEA92B265BA334005CE457 /* Project object */;
			proxyType = 1;
			remoteGlobalIDString = EEEEA932265BA334005CE457;
			remoteInfo = "amiibo-swift";
		};
/* End PBXContainerItemProxy section */

/* Begin PBXCopyFilesBuildPhase section */
		EE0A883F265BA94E00DE81FE /* Embed Frameworks */ = {
			isa = PBXCopyFilesBuildPhase;
			buildActionMask = 2147483647;
			dstPath = "";
			dstSubfolderSpec = 10;
			files = (
				EE0A883E265BA94E00DE81FE /* Services.framework in Embed Frameworks */,
			);
			name = "Embed Frameworks";
			runOnlyForDeploymentPostprocessing = 0;
		};
/* End PBXCopyFilesBuildPhase section */

/* Begin PBXFileReference section */
		1155C52DC1F94D2CE451D0E7 /* Pods-amiibo-swiftUITests.debug.xcconfig */ = {isa = PBXFileReference; includeInIndex = 1; lastKnownFileType = text.xcconfig; name = "Pods-amiibo-swiftUITests.debug.xcconfig"; path = "Target Support Files/Pods-amiibo-swiftUITests/Pods-amiibo-swiftUITests.debug.xcconfig"; sourceTree = "<group>"; };
		2C0AC5199E07FEB1D90E02A6 /* Pods-amiibo-swift.debug.xcconfig */ = {isa = PBXFileReference; includeInIndex = 1; lastKnownFileType = text.xcconfig; name = "Pods-amiibo-swift.debug.xcconfig"; path = "Target Support Files/Pods-amiibo-swift/Pods-amiibo-swift.debug.xcconfig"; sourceTree = "<group>"; };
		4E45642691D521B25DB79E1F /* Pods-Services.release.xcconfig */ = {isa = PBXFileReference; includeInIndex = 1; lastKnownFileType = text.xcconfig; name = "Pods-Services.release.xcconfig"; path = "Target Support Files/Pods-Services/Pods-Services.release.xcconfig"; sourceTree = "<group>"; };
		636641E011A96A68A727DE8A /* Pods_Services.framework */ = {isa = PBXFileReference; explicitFileType = wrapper.framework; includeInIndex = 0; path = Pods_Services.framework; sourceTree = BUILT_PRODUCTS_DIR; };
		7278DD0F206C44CBFDBC45C2 /* Pods_amiibo_swiftUITests.framework */ = {isa = PBXFileReference; explicitFileType = wrapper.framework; includeInIndex = 0; path = Pods_amiibo_swiftUITests.framework; sourceTree = BUILT_PRODUCTS_DIR; };
		7644AE1D85CF0BCBDB4B64D7 /* Pods-amiibo-swiftUITests.release.xcconfig */ = {isa = PBXFileReference; includeInIndex = 1; lastKnownFileType = text.xcconfig; name = "Pods-amiibo-swiftUITests.release.xcconfig"; path = "Target Support Files/Pods-amiibo-swiftUITests/Pods-amiibo-swiftUITests.release.xcconfig"; sourceTree = "<group>"; };
		77244ADA7DEB2805874728A9 /* Pods-Services.debug.xcconfig */ = {isa = PBXFileReference; includeInIndex = 1; lastKnownFileType = text.xcconfig; name = "Pods-Services.debug.xcconfig"; path = "Target Support Files/Pods-Services/Pods-Services.debug.xcconfig"; sourceTree = "<group>"; };
		88EC056E934C274A39AC5059 /* Pods-amiibo-swiftTests.release.xcconfig */ = {isa = PBXFileReference; includeInIndex = 1; lastKnownFileType = text.xcconfig; name = "Pods-amiibo-swiftTests.release.xcconfig"; path = "Target Support Files/Pods-amiibo-swiftTests/Pods-amiibo-swiftTests.release.xcconfig"; sourceTree = "<group>"; };
		9C9A16EE45FE31F955584DF5 /* Pods_amiibo_swift.framework */ = {isa = PBXFileReference; explicitFileType = wrapper.framework; includeInIndex = 0; path = Pods_amiibo_swift.framework; sourceTree = BUILT_PRODUCTS_DIR; };
		A852AF3A3DAEAFABAD712428 /* Pods-amiibo-swiftTests.debug.xcconfig */ = {isa = PBXFileReference; includeInIndex = 1; lastKnownFileType = text.xcconfig; name = "Pods-amiibo-swiftTests.debug.xcconfig"; path = "Target Support Files/Pods-amiibo-swiftTests/Pods-amiibo-swiftTests.debug.xcconfig"; sourceTree = "<group>"; };
		B2D776D83874BA70D6DF74F3 /* Pods-amiibo-swift.release.xcconfig */ = {isa = PBXFileReference; includeInIndex = 1; lastKnownFileType = text.xcconfig; name = "Pods-amiibo-swift.release.xcconfig"; path = "Target Support Files/Pods-amiibo-swift/Pods-amiibo-swift.release.xcconfig"; sourceTree = "<group>"; };
		EE0A8828265BA94D00DE81FE /* Services.framework */ = {isa = PBXFileReference; explicitFileType = wrapper.framework; includeInIndex = 0; path = Services.framework; sourceTree = BUILT_PRODUCTS_DIR; };
		EE0A882A265BA94D00DE81FE /* Services.h */ = {isa = PBXFileReference; lastKnownFileType = sourcecode.c.h; path = Services.h; sourceTree = "<group>"; };
		EE0A882B265BA94D00DE81FE /* Info.plist */ = {isa = PBXFileReference; lastKnownFileType = text.plist.xml; path = Info.plist; sourceTree = "<group>"; };
		EE0A8830265BA94E00DE81FE /* ServicesTests.xctest */ = {isa = PBXFileReference; explicitFileType = wrapper.cfbundle; includeInIndex = 0; path = ServicesTests.xctest; sourceTree = BUILT_PRODUCTS_DIR; };
		EE0A8837265BA94E00DE81FE /* ServicesTests.swift */ = {isa = PBXFileReference; lastKnownFileType = sourcecode.swift; path = ServicesTests.swift; sourceTree = "<group>"; };
		EE0A8839265BA94E00DE81FE /* Info.plist */ = {isa = PBXFileReference; lastKnownFileType = text.plist.xml; path = Info.plist; sourceTree = "<group>"; };
		EE469EAF265D09EC005BAA3A /* GoogleService-Info.plist */ = {isa = PBXFileReference; fileEncoding = 4; lastKnownFileType = text.plist.xml; path = "GoogleService-Info.plist"; sourceTree = "<group>"; };
		EE8B8001265F574A0047B43A /* Font.swift */ = {isa = PBXFileReference; lastKnownFileType = sourcecode.swift; path = Font.swift; sourceTree = "<group>"; };
		EE8B8008265F5BCB0047B43A /* Nunito-BlackItalic.ttf */ = {isa = PBXFileReference; lastKnownFileType = file; path = "Nunito-BlackItalic.ttf"; sourceTree = "<group>"; };
		EE8B8009265F5BCC0047B43A /* Nunito-BoldItalic.ttf */ = {isa = PBXFileReference; lastKnownFileType = file; path = "Nunito-BoldItalic.ttf"; sourceTree = "<group>"; };
		EE8B800A265F5BCD0047B43A /* Nunito-SemiBoldItalic.ttf */ = {isa = PBXFileReference; lastKnownFileType = file; path = "Nunito-SemiBoldItalic.ttf"; sourceTree = "<group>"; };
		EE8B800B265F5BCE0047B43A /* Nunito-Light.ttf */ = {isa = PBXFileReference; lastKnownFileType = file; path = "Nunito-Light.ttf"; sourceTree = "<group>"; };
		EE8B800C265F5BCF0047B43A /* Nunito-SemiBold.ttf */ = {isa = PBXFileReference; lastKnownFileType = file; path = "Nunito-SemiBold.ttf"; sourceTree = "<group>"; };
		EE8B800D265F5BD00047B43A /* Nunito-Regular.ttf */ = {isa = PBXFileReference; lastKnownFileType = file; path = "Nunito-Regular.ttf"; sourceTree = "<group>"; };
		EE8B800E265F5BD10047B43A /* Nunito-ExtraBoldItalic.ttf */ = {isa = PBXFileReference; lastKnownFileType = file; path = "Nunito-ExtraBoldItalic.ttf"; sourceTree = "<group>"; };
		EE8B800F265F5BD20047B43A /* Nunito-ExtraLight.ttf */ = {isa = PBXFileReference; lastKnownFileType = file; path = "Nunito-ExtraLight.ttf"; sourceTree = "<group>"; };
		EE8B8010265F5BD30047B43A /* Nunito-Bold.ttf */ = {isa = PBXFileReference; lastKnownFileType = file; path = "Nunito-Bold.ttf"; sourceTree = "<group>"; };
		EE8B8011265F5BD50047B43A /* Nunito-ExtraLightItalic.ttf */ = {isa = PBXFileReference; lastKnownFileType = file; path = "Nunito-ExtraLightItalic.ttf"; sourceTree = "<group>"; };
		EE8B8012265F5BD60047B43A /* Nunito-Italic.ttf */ = {isa = PBXFileReference; lastKnownFileType = file; path = "Nunito-Italic.ttf"; sourceTree = "<group>"; };
		EE8B8013265F5BD70047B43A /* Nunito-LightItalic.ttf */ = {isa = PBXFileReference; lastKnownFileType = file; path = "Nunito-LightItalic.ttf"; sourceTree = "<group>"; };
		EE8B8014265F5BD80047B43A /* Nunito-ExtraBold.ttf */ = {isa = PBXFileReference; lastKnownFileType = file; path = "Nunito-ExtraBold.ttf"; sourceTree = "<group>"; };
		EE8B8015265F5BD90047B43A /* Nunito-Black.ttf */ = {isa = PBXFileReference; lastKnownFileType = file; path = "Nunito-Black.ttf"; sourceTree = "<group>"; };
		EEADBCFF265F7916003DEB8F /* swiftgen.yml */ = {isa = PBXFileReference; fileEncoding = 4; lastKnownFileType = text.yaml; path = swiftgen.yml; sourceTree = "<group>"; };
		EEADBD05265F792C003DEB8F /* Colors.swift */ = {isa = PBXFileReference; lastKnownFileType = sourcecode.swift; path = Colors.swift; sourceTree = "<group>"; };
		EEADBD0B265F793F003DEB8F /* Storyboard.swift */ = {isa = PBXFileReference; lastKnownFileType = sourcecode.swift; path = Storyboard.swift; sourceTree = "<group>"; };
		EEADBD11265F794C003DEB8F /* StoryboardSegue.swift */ = {isa = PBXFileReference; lastKnownFileType = sourcecode.swift; path = StoryboardSegue.swift; sourceTree = "<group>"; };
		EEADBD17265F799F003DEB8F /* Imges.swift */ = {isa = PBXFileReference; lastKnownFileType = sourcecode.swift; path = Imges.swift; sourceTree = "<group>"; };
		EEADBD1B265F7B89003DEB8F /* Colors.json */ = {isa = PBXFileReference; fileEncoding = 4; lastKnownFileType = text.json; path = Colors.json; sourceTree = "<group>"; };
		EEEEA933265BA334005CE457 /* amiibo-swift.app */ = {isa = PBXFileReference; explicitFileType = wrapper.application; includeInIndex = 0; path = "amiibo-swift.app"; sourceTree = BUILT_PRODUCTS_DIR; };
		EEEEA936265BA335005CE457 /* AppDelegate.swift */ = {isa = PBXFileReference; lastKnownFileType = sourcecode.swift; path = AppDelegate.swift; sourceTree = "<group>"; };
		EEEEA938265BA335005CE457 /* SceneDelegate.swift */ = {isa = PBXFileReference; lastKnownFileType = sourcecode.swift; path = SceneDelegate.swift; sourceTree = "<group>"; };
		EEEEA93A265BA335005CE457 /* ViewController.swift */ = {isa = PBXFileReference; lastKnownFileType = sourcecode.swift; path = ViewController.swift; sourceTree = "<group>"; };
		EEEEA93D265BA335005CE457 /* Base */ = {isa = PBXFileReference; lastKnownFileType = file.storyboard; name = Base; path = Base.lproj/Main.storyboard; sourceTree = "<group>"; };
		EEEEA93F265BA337005CE457 /* Assets.xcassets */ = {isa = PBXFileReference; lastKnownFileType = folder.assetcatalog; path = Assets.xcassets; sourceTree = "<group>"; };
		EEEEA942265BA337005CE457 /* Base */ = {isa = PBXFileReference; lastKnownFileType = file.storyboard; name = Base; path = Base.lproj/LaunchScreen.storyboard; sourceTree = "<group>"; };
		EEEEA944265BA337005CE457 /* Info.plist */ = {isa = PBXFileReference; lastKnownFileType = text.plist.xml; path = Info.plist; sourceTree = "<group>"; };
		EEEEA949265BA337005CE457 /* amiibo-swiftTests.xctest */ = {isa = PBXFileReference; explicitFileType = wrapper.cfbundle; includeInIndex = 0; path = "amiibo-swiftTests.xctest"; sourceTree = BUILT_PRODUCTS_DIR; };
		EEEEA94D265BA337005CE457 /* amiibo_swiftTests.swift */ = {isa = PBXFileReference; lastKnownFileType = sourcecode.swift; path = amiibo_swiftTests.swift; sourceTree = "<group>"; };
		EEEEA94F265BA337005CE457 /* Info.plist */ = {isa = PBXFileReference; lastKnownFileType = text.plist.xml; path = Info.plist; sourceTree = "<group>"; };
		EEEEA954265BA337005CE457 /* amiibo-swiftUITests.xctest */ = {isa = PBXFileReference; explicitFileType = wrapper.cfbundle; includeInIndex = 0; path = "amiibo-swiftUITests.xctest"; sourceTree = BUILT_PRODUCTS_DIR; };
		EEEEA958265BA337005CE457 /* amiibo_swiftUITests.swift */ = {isa = PBXFileReference; lastKnownFileType = sourcecode.swift; path = amiibo_swiftUITests.swift; sourceTree = "<group>"; };
		EEEEA95A265BA337005CE457 /* Info.plist */ = {isa = PBXFileReference; lastKnownFileType = text.plist.xml; path = Info.plist; sourceTree = "<group>"; };
		FF3F69545C85883BB75E1EAE /* Pods_amiibo_swiftTests.framework */ = {isa = PBXFileReference; explicitFileType = wrapper.framework; includeInIndex = 0; path = Pods_amiibo_swiftTests.framework; sourceTree = BUILT_PRODUCTS_DIR; };
/* End PBXFileReference section */

/* Begin PBXFrameworksBuildPhase section */
		EE0A8825265BA94D00DE81FE /* Frameworks */ = {
			isa = PBXFrameworksBuildPhase;
			buildActionMask = 2147483647;
			files = (
				ED789C11EAE48938B05CBE61 /* Pods_Services.framework in Frameworks */,
			);
			runOnlyForDeploymentPostprocessing = 0;
		};
		EE0A882D265BA94E00DE81FE /* Frameworks */ = {
			isa = PBXFrameworksBuildPhase;
			buildActionMask = 2147483647;
			files = (
				EE0A8831265BA94E00DE81FE /* Services.framework in Frameworks */,
			);
			runOnlyForDeploymentPostprocessing = 0;
		};
		EEEEA930265BA334005CE457 /* Frameworks */ = {
			isa = PBXFrameworksBuildPhase;
			buildActionMask = 2147483647;
			files = (
				EE0A883D265BA94E00DE81FE /* Services.framework in Frameworks */,
				4CB0E11957D8EE9E9C22482C /* Pods_amiibo_swift.framework in Frameworks */,
			);
			runOnlyForDeploymentPostprocessing = 0;
		};
		EEEEA946265BA337005CE457 /* Frameworks */ = {
			isa = PBXFrameworksBuildPhase;
			buildActionMask = 2147483647;
			files = (
				34FF131B12D9F66DFC546773 /* Pods_amiibo_swiftTests.framework in Frameworks */,
			);
			runOnlyForDeploymentPostprocessing = 0;
		};
		EEEEA951265BA337005CE457 /* Frameworks */ = {
			isa = PBXFrameworksBuildPhase;
			buildActionMask = 2147483647;
			files = (
				0DDEF9727477546B175F14DD /* Pods_amiibo_swiftUITests.framework in Frameworks */,
			);
			runOnlyForDeploymentPostprocessing = 0;
		};
/* End PBXFrameworksBuildPhase section */

/* Begin PBXGroup section */
		547ADCE0A806053C3E9E4FFC /* Frameworks */ = {
			isa = PBXGroup;
			children = (
				636641E011A96A68A727DE8A /* Pods_Services.framework */,
				9C9A16EE45FE31F955584DF5 /* Pods_amiibo_swift.framework */,
				FF3F69545C85883BB75E1EAE /* Pods_amiibo_swiftTests.framework */,
				7278DD0F206C44CBFDBC45C2 /* Pods_amiibo_swiftUITests.framework */,
			);
			name = Frameworks;
			sourceTree = "<group>";
		};
		E281EB2AA75156FC9C180E70 /* Pods */ = {
			isa = PBXGroup;
			children = (
				77244ADA7DEB2805874728A9 /* Pods-Services.debug.xcconfig */,
				4E45642691D521B25DB79E1F /* Pods-Services.release.xcconfig */,
				2C0AC5199E07FEB1D90E02A6 /* Pods-amiibo-swift.debug.xcconfig */,
				B2D776D83874BA70D6DF74F3 /* Pods-amiibo-swift.release.xcconfig */,
				A852AF3A3DAEAFABAD712428 /* Pods-amiibo-swiftTests.debug.xcconfig */,
				88EC056E934C274A39AC5059 /* Pods-amiibo-swiftTests.release.xcconfig */,
				1155C52DC1F94D2CE451D0E7 /* Pods-amiibo-swiftUITests.debug.xcconfig */,
				7644AE1D85CF0BCBDB4B64D7 /* Pods-amiibo-swiftUITests.release.xcconfig */,
			);
			path = Pods;
			sourceTree = "<group>";
		};
		EE0A8829265BA94D00DE81FE /* Services */ = {
			isa = PBXGroup;
			children = (
				EE0A882A265BA94D00DE81FE /* Services.h */,
				EE0A882B265BA94D00DE81FE /* Info.plist */,
			);
			path = Services;
			sourceTree = "<group>";
		};
		EE0A8836265BA94E00DE81FE /* ServicesTests */ = {
			isa = PBXGroup;
			children = (
				EE0A8837265BA94E00DE81FE /* ServicesTests.swift */,
				EE0A8839265BA94E00DE81FE /* Info.plist */,
			);
			path = ServicesTests;
			sourceTree = "<group>";
		};
		EE8B8000265F57220047B43A /* Generated */ = {
			isa = PBXGroup;
			children = (
				EEADBD05265F792C003DEB8F /* Colors.swift */,
				EE8B8001265F574A0047B43A /* Font.swift */,
				EEADBD0B265F793F003DEB8F /* Storyboard.swift */,
				EEADBD11265F794C003DEB8F /* StoryboardSegue.swift */,
				EEADBD17265F799F003DEB8F /* Imges.swift */,
			);
			path = Generated;
			sourceTree = "<group>";
		};
		EE8B8007265F5BB70047B43A /* Font */ = {
			isa = PBXGroup;
			children = (
				EE8B8015265F5BD90047B43A /* Nunito-Black.ttf */,
				EE8B8008265F5BCB0047B43A /* Nunito-BlackItalic.ttf */,
				EE8B8010265F5BD30047B43A /* Nunito-Bold.ttf */,
				EE8B8009265F5BCC0047B43A /* Nunito-BoldItalic.ttf */,
				EE8B8014265F5BD80047B43A /* Nunito-ExtraBold.ttf */,
				EE8B800E265F5BD10047B43A /* Nunito-ExtraBoldItalic.ttf */,
				EE8B800F265F5BD20047B43A /* Nunito-ExtraLight.ttf */,
				EE8B8011265F5BD50047B43A /* Nunito-ExtraLightItalic.ttf */,
				EE8B8012265F5BD60047B43A /* Nunito-Italic.ttf */,
				EE8B800B265F5BCE0047B43A /* Nunito-Light.ttf */,
				EE8B8013265F5BD70047B43A /* Nunito-LightItalic.ttf */,
				EE8B800D265F5BD00047B43A /* Nunito-Regular.ttf */,
				EE8B800C265F5BCF0047B43A /* Nunito-SemiBold.ttf */,
				EE8B800A265F5BCD0047B43A /* Nunito-SemiBoldItalic.ttf */,
			);
			path = Font;
			sourceTree = "<group>";
		};
		EE8B8040265F5E8A0047B43A /* Resources */ = {
			isa = PBXGroup;
			children = (
				EE8B8007265F5BB70047B43A /* Font */,
				EEEEA93F265BA337005CE457 /* Assets.xcassets */,
				EEADBD1B265F7B89003DEB8F /* Colors.json */,
			);
			path = Resources;
			sourceTree = "<group>";
		};
		EEADBD1F265F7DEB003DEB8F /* Configuration */ = {
			isa = PBXGroup;
			children = (
				EE469EAF265D09EC005BAA3A /* GoogleService-Info.plist */,
			);
			path = Configuration;
			sourceTree = "<group>";
		};
		EEADBD20265F7DFE003DEB8F /* Delegate */ = {
			isa = PBXGroup;
			children = (
				EEEEA936265BA335005CE457 /* AppDelegate.swift */,
				EEEEA938265BA335005CE457 /* SceneDelegate.swift */,
			);
			path = Delegate;
			sourceTree = "<group>";
		};
		EEADBD21265F7E0E003DEB8F /* Screen */ = {
			isa = PBXGroup;
			children = (
				EEEEA93A265BA335005CE457 /* ViewController.swift */,
			);
			path = Screen;
			sourceTree = "<group>";
		};
		EEEEA92A265BA334005CE457 = {
			isa = PBXGroup;
			children = (
				EEADBCFF265F7916003DEB8F /* swiftgen.yml */,
				EEEEA935265BA334005CE457 /* amiibo-swift */,
				EEEEA94C265BA337005CE457 /* amiibo-swiftTests */,
				EEEEA957265BA337005CE457 /* amiibo-swiftUITests */,
				EE0A8829265BA94D00DE81FE /* Services */,
				EE0A8836265BA94E00DE81FE /* ServicesTests */,
				EEEEA934265BA334005CE457 /* Products */,
				E281EB2AA75156FC9C180E70 /* Pods */,
				547ADCE0A806053C3E9E4FFC /* Frameworks */,
			);
			sourceTree = "<group>";
		};
		EEEEA934265BA334005CE457 /* Products */ = {
			isa = PBXGroup;
			children = (
				EEEEA933265BA334005CE457 /* amiibo-swift.app */,
				EEEEA949265BA337005CE457 /* amiibo-swiftTests.xctest */,
				EEEEA954265BA337005CE457 /* amiibo-swiftUITests.xctest */,
				EE0A8828265BA94D00DE81FE /* Services.framework */,
				EE0A8830265BA94E00DE81FE /* ServicesTests.xctest */,
			);
			name = Products;
			sourceTree = "<group>";
		};
		EEEEA935265BA334005CE457 /* amiibo-swift */ = {
			isa = PBXGroup;
			children = (
				EEADBD20265F7DFE003DEB8F /* Delegate */,
				EEADBD1F265F7DEB003DEB8F /* Configuration */,
				EE8B8040265F5E8A0047B43A /* Resources */,
				EE8B8000265F57220047B43A /* Generated */,
				EEADBD21265F7E0E003DEB8F /* Screen */,
				EEEEA93C265BA335005CE457 /* Main.storyboard */,
				EEEEA941265BA337005CE457 /* LaunchScreen.storyboard */,
				EEEEA944265BA337005CE457 /* Info.plist */,
			);
			path = "amiibo-swift";
			sourceTree = "<group>";
		};
		EEEEA94C265BA337005CE457 /* amiibo-swiftTests */ = {
			isa = PBXGroup;
			children = (
				EEEEA94D265BA337005CE457 /* amiibo_swiftTests.swift */,
				EEEEA94F265BA337005CE457 /* Info.plist */,
			);
			path = "amiibo-swiftTests";
			sourceTree = "<group>";
		};
		EEEEA957265BA337005CE457 /* amiibo-swiftUITests */ = {
			isa = PBXGroup;
			children = (
				EEEEA958265BA337005CE457 /* amiibo_swiftUITests.swift */,
				EEEEA95A265BA337005CE457 /* Info.plist */,
			);
			path = "amiibo-swiftUITests";
			sourceTree = "<group>";
		};
/* End PBXGroup section */

/* Begin PBXHeadersBuildPhase section */
		EE0A8823265BA94D00DE81FE /* Headers */ = {
			isa = PBXHeadersBuildPhase;
			buildActionMask = 2147483647;
			files = (
				EE0A883A265BA94E00DE81FE /* Services.h in Headers */,
			);
			runOnlyForDeploymentPostprocessing = 0;
		};
/* End PBXHeadersBuildPhase section */

/* Begin PBXNativeTarget section */
		EE0A8827265BA94D00DE81FE /* Services */ = {
			isa = PBXNativeTarget;
			buildConfigurationList = EE0A8844265BA94E00DE81FE /* Build configuration list for PBXNativeTarget "Services" */;
			buildPhases = (
				5B040C956A1E2CA220B71C5E /* [CP] Check Pods Manifest.lock */,
				EE0A8823265BA94D00DE81FE /* Headers */,
				EE0A8824265BA94D00DE81FE /* Sources */,
				EE0A8825265BA94D00DE81FE /* Frameworks */,
				EE0A8826265BA94D00DE81FE /* Resources */,
			);
			buildRules = (
			);
			dependencies = (
			);
			name = Services;
			productName = Services;
			productReference = EE0A8828265BA94D00DE81FE /* Services.framework */;
			productType = "com.apple.product-type.framework";
		};
		EE0A882F265BA94E00DE81FE /* ServicesTests */ = {
			isa = PBXNativeTarget;
			buildConfigurationList = EE0A8845265BA94E00DE81FE /* Build configuration list for PBXNativeTarget "ServicesTests" */;
			buildPhases = (
				EE0A882C265BA94E00DE81FE /* Sources */,
				EE0A882D265BA94E00DE81FE /* Frameworks */,
				EE0A882E265BA94E00DE81FE /* Resources */,
			);
			buildRules = (
			);
			dependencies = (
				EE0A8833265BA94E00DE81FE /* PBXTargetDependency */,
				EE0A8835265BA94E00DE81FE /* PBXTargetDependency */,
			);
			name = ServicesTests;
			productName = ServicesTests;
			productReference = EE0A8830265BA94E00DE81FE /* ServicesTests.xctest */;
			productType = "com.apple.product-type.bundle.unit-test";
		};
		EEEEA932265BA334005CE457 /* amiibo-swift */ = {
			isa = PBXNativeTarget;
			buildConfigurationList = EEEEA95D265BA337005CE457 /* Build configuration list for PBXNativeTarget "amiibo-swift" */;
			buildPhases = (
				BB2AC85511DC2B7F446DCE39 /* [CP] Check Pods Manifest.lock */,
				EEEEA92F265BA334005CE457 /* Sources */,
				EEEEA930265BA334005CE457 /* Frameworks */,
				EEEEA931265BA334005CE457 /* Resources */,
				EE0A883F265BA94E00DE81FE /* Embed Frameworks */,
				EE7E9CD9265BB20F0077E16F /* SwiftGen - Generate files  */,
				5047C0896871AED0980D7744 /* [CP] Embed Pods Frameworks */,
			);
			buildRules = (
			);
			dependencies = (
				EE0A883C265BA94E00DE81FE /* PBXTargetDependency */,
			);
			name = "amiibo-swift";
			productName = "amiibo-swift";
			productReference = EEEEA933265BA334005CE457 /* amiibo-swift.app */;
			productType = "com.apple.product-type.application";
		};
		EEEEA948265BA337005CE457 /* amiibo-swiftTests */ = {
			isa = PBXNativeTarget;
			buildConfigurationList = EEEEA960265BA337005CE457 /* Build configuration list for PBXNativeTarget "amiibo-swiftTests" */;
			buildPhases = (
				690227C07EBA02966B47008C /* [CP] Check Pods Manifest.lock */,
				EEEEA945265BA337005CE457 /* Sources */,
				EEEEA946265BA337005CE457 /* Frameworks */,
				EEEEA947265BA337005CE457 /* Resources */,
				13E4F3CC8DAD63F4BECEEE5D /* [CP] Embed Pods Frameworks */,
			);
			buildRules = (
			);
			dependencies = (
				EEEEA94B265BA337005CE457 /* PBXTargetDependency */,
			);
			name = "amiibo-swiftTests";
			productName = "amiibo-swiftTests";
			productReference = EEEEA949265BA337005CE457 /* amiibo-swiftTests.xctest */;
			productType = "com.apple.product-type.bundle.unit-test";
		};
		EEEEA953265BA337005CE457 /* amiibo-swiftUITests */ = {
			isa = PBXNativeTarget;
			buildConfigurationList = EEEEA963265BA337005CE457 /* Build configuration list for PBXNativeTarget "amiibo-swiftUITests" */;
			buildPhases = (
				4DB89808C92669F56022D55F /* [CP] Check Pods Manifest.lock */,
				EEEEA950265BA337005CE457 /* Sources */,
				EEEEA951265BA337005CE457 /* Frameworks */,
				EEEEA952265BA337005CE457 /* Resources */,
				6FD891E46104515957E4263D /* [CP] Embed Pods Frameworks */,
			);
			buildRules = (
			);
			dependencies = (
				EEEEA956265BA337005CE457 /* PBXTargetDependency */,
			);
			name = "amiibo-swiftUITests";
			productName = "amiibo-swiftUITests";
			productReference = EEEEA954265BA337005CE457 /* amiibo-swiftUITests.xctest */;
			productType = "com.apple.product-type.bundle.ui-testing";
		};
/* End PBXNativeTarget section */

/* Begin PBXProject section */
		EEEEA92B265BA334005CE457 /* Project object */ = {
			isa = PBXProject;
			attributes = {
				LastSwiftUpdateCheck = 1250;
				LastUpgradeCheck = 1250;
				TargetAttributes = {
					EE0A8827265BA94D00DE81FE = {
						CreatedOnToolsVersion = 12.5;
						LastSwiftMigration = 1250;
					};
					EE0A882F265BA94E00DE81FE = {
						CreatedOnToolsVersion = 12.5;
						TestTargetID = EEEEA932265BA334005CE457;
					};
					EEEEA932265BA334005CE457 = {
						CreatedOnToolsVersion = 12.5;
					};
					EEEEA948265BA337005CE457 = {
						CreatedOnToolsVersion = 12.5;
						TestTargetID = EEEEA932265BA334005CE457;
					};
					EEEEA953265BA337005CE457 = {
						CreatedOnToolsVersion = 12.5;
						TestTargetID = EEEEA932265BA334005CE457;
					};
				};
			};
			buildConfigurationList = EEEEA92E265BA334005CE457 /* Build configuration list for PBXProject "amiibo-swift" */;
			compatibilityVersion = "Xcode 9.3";
			developmentRegion = en;
			hasScannedForEncodings = 0;
			knownRegions = (
				en,
				Base,
			);
			mainGroup = EEEEA92A265BA334005CE457;
			productRefGroup = EEEEA934265BA334005CE457 /* Products */;
			projectDirPath = "";
			projectRoot = "";
			targets = (
				EEEEA932265BA334005CE457 /* amiibo-swift */,
				EEEEA948265BA337005CE457 /* amiibo-swiftTests */,
				EEEEA953265BA337005CE457 /* amiibo-swiftUITests */,
				EE0A8827265BA94D00DE81FE /* Services */,
				EE0A882F265BA94E00DE81FE /* ServicesTests */,
			);
		};
/* End PBXProject section */

/* Begin PBXResourcesBuildPhase section */
		EE0A8826265BA94D00DE81FE /* Resources */ = {
			isa = PBXResourcesBuildPhase;
			buildActionMask = 2147483647;
			files = (
				EE469EB3265D0A41005BAA3A /* GoogleService-Info.plist in Resources */,
				EEADBD03265F7916003DEB8F /* swiftgen.yml in Resources */,
			);
			runOnlyForDeploymentPostprocessing = 0;
		};
		EE0A882E265BA94E00DE81FE /* Resources */ = {
			isa = PBXResourcesBuildPhase;
			buildActionMask = 2147483647;
			files = (
				EE469EB4265D0A41005BAA3A /* GoogleService-Info.plist in Resources */,
				EEADBD04265F7916003DEB8F /* swiftgen.yml in Resources */,
			);
			runOnlyForDeploymentPostprocessing = 0;
		};
		EEEEA931265BA334005CE457 /* Resources */ = {
			isa = PBXResourcesBuildPhase;
			buildActionMask = 2147483647;
			files = (
				EE8B8025265F5BDA0047B43A /* Nunito-Regular.ttf in Resources */,
				EEADBD1C265F7B89003DEB8F /* Colors.json in Resources */,
				EE8B8034265F5BDA0047B43A /* Nunito-Italic.ttf in Resources */,
				EE8B8019265F5BDA0047B43A /* Nunito-BoldItalic.ttf in Resources */,
				EE8B802E265F5BDA0047B43A /* Nunito-Bold.ttf in Resources */,
				EE8B801C265F5BDA0047B43A /* Nunito-SemiBoldItalic.ttf in Resources */,
				EE8B802B265F5BDA0047B43A /* Nunito-ExtraLight.ttf in Resources */,
				EEADBD00265F7916003DEB8F /* swiftgen.yml in Resources */,
				EEEEA943265BA337005CE457 /* LaunchScreen.storyboard in Resources */,
				EE8B8022265F5BDA0047B43A /* Nunito-SemiBold.ttf in Resources */,
				EE8B8031265F5BDA0047B43A /* Nunito-ExtraLightItalic.ttf in Resources */,
				EEEEA940265BA337005CE457 /* Assets.xcassets in Resources */,
				EE8B8037265F5BDA0047B43A /* Nunito-LightItalic.ttf in Resources */,
				EE469EB0265D09EC005BAA3A /* GoogleService-Info.plist in Resources */,
				EEEEA93E265BA335005CE457 /* Main.storyboard in Resources */,
				EE8B803A265F5BDA0047B43A /* Nunito-ExtraBold.ttf in Resources */,
				EE8B801F265F5BDA0047B43A /* Nunito-Light.ttf in Resources */,
				EE8B8016265F5BDA0047B43A /* Nunito-BlackItalic.ttf in Resources */,
				EE8B8028265F5BDA0047B43A /* Nunito-ExtraBoldItalic.ttf in Resources */,
				EE8B803D265F5BDA0047B43A /* Nunito-Black.ttf in Resources */,
			);
			runOnlyForDeploymentPostprocessing = 0;
		};
		EEEEA947265BA337005CE457 /* Resources */ = {
			isa = PBXResourcesBuildPhase;
			buildActionMask = 2147483647;
			files = (
				EE8B8023265F5BDA0047B43A /* Nunito-SemiBold.ttf in Resources */,
				EE8B8035265F5BDA0047B43A /* Nunito-Italic.ttf in Resources */,
				EE8B801D265F5BDA0047B43A /* Nunito-SemiBoldItalic.ttf in Resources */,
				EEADBD1D265F7B89003DEB8F /* Colors.json in Resources */,
				EEADBD01265F7916003DEB8F /* swiftgen.yml in Resources */,
				EE8B8020265F5BDA0047B43A /* Nunito-Light.ttf in Resources */,
				EE8B802C265F5BDA0047B43A /* Nunito-ExtraLight.ttf in Resources */,
				EE8B8029265F5BDA0047B43A /* Nunito-ExtraBoldItalic.ttf in Resources */,
				EE8B801A265F5BDA0047B43A /* Nunito-BoldItalic.ttf in Resources */,
				EE8B802F265F5BDA0047B43A /* Nunito-Bold.ttf in Resources */,
				EE8B8038265F5BDA0047B43A /* Nunito-LightItalic.ttf in Resources */,
				EE8B8026265F5BDA0047B43A /* Nunito-Regular.ttf in Resources */,
				EE8B8032265F5BDA0047B43A /* Nunito-ExtraLightItalic.ttf in Resources */,
				EE8B803E265F5BDA0047B43A /* Nunito-Black.ttf in Resources */,
				EE469EB1265D09EC005BAA3A /* GoogleService-Info.plist in Resources */,
				EE8B8017265F5BDA0047B43A /* Nunito-BlackItalic.ttf in Resources */,
				EE8B803B265F5BDA0047B43A /* Nunito-ExtraBold.ttf in Resources */,
			);
			runOnlyForDeploymentPostprocessing = 0;
		};
		EEEEA952265BA337005CE457 /* Resources */ = {
			isa = PBXResourcesBuildPhase;
			buildActionMask = 2147483647;
			files = (
				EE8B8024265F5BDA0047B43A /* Nunito-SemiBold.ttf in Resources */,
				EE8B8036265F5BDA0047B43A /* Nunito-Italic.ttf in Resources */,
				EE8B801E265F5BDA0047B43A /* Nunito-SemiBoldItalic.ttf in Resources */,
				EEADBD1E265F7B89003DEB8F /* Colors.json in Resources */,
				EEADBD02265F7916003DEB8F /* swiftgen.yml in Resources */,
				EE8B8021265F5BDA0047B43A /* Nunito-Light.ttf in Resources */,
				EE8B802D265F5BDA0047B43A /* Nunito-ExtraLight.ttf in Resources */,
				EE8B802A265F5BDA0047B43A /* Nunito-ExtraBoldItalic.ttf in Resources */,
				EE8B801B265F5BDA0047B43A /* Nunito-BoldItalic.ttf in Resources */,
				EE8B8030265F5BDA0047B43A /* Nunito-Bold.ttf in Resources */,
				EE8B8039265F5BDA0047B43A /* Nunito-LightItalic.ttf in Resources */,
				EE8B8027265F5BDA0047B43A /* Nunito-Regular.ttf in Resources */,
				EE8B8033265F5BDA0047B43A /* Nunito-ExtraLightItalic.ttf in Resources */,
				EE8B803F265F5BDA0047B43A /* Nunito-Black.ttf in Resources */,
				EE469EB2265D09EC005BAA3A /* GoogleService-Info.plist in Resources */,
				EE8B8018265F5BDA0047B43A /* Nunito-BlackItalic.ttf in Resources */,
				EE8B803C265F5BDA0047B43A /* Nunito-ExtraBold.ttf in Resources */,
			);
			runOnlyForDeploymentPostprocessing = 0;
		};
/* End PBXResourcesBuildPhase section */

/* Begin PBXShellScriptBuildPhase section */
		13E4F3CC8DAD63F4BECEEE5D /* [CP] Embed Pods Frameworks */ = {
			isa = PBXShellScriptBuildPhase;
			buildActionMask = 2147483647;
			files = (
			);
			inputFileListPaths = (
				"${PODS_ROOT}/Target Support Files/Pods-amiibo-swiftTests/Pods-amiibo-swiftTests-frameworks-${CONFIGURATION}-input-files.xcfilelist",
			);
			name = "[CP] Embed Pods Frameworks";
			outputFileListPaths = (
				"${PODS_ROOT}/Target Support Files/Pods-amiibo-swiftTests/Pods-amiibo-swiftTests-frameworks-${CONFIGURATION}-output-files.xcfilelist",
			);
			runOnlyForDeploymentPostprocessing = 0;
			shellPath = /bin/sh;
			shellScript = "\"${PODS_ROOT}/Target Support Files/Pods-amiibo-swiftTests/Pods-amiibo-swiftTests-frameworks.sh\"\n";
			showEnvVarsInLog = 0;
		};
		4DB89808C92669F56022D55F /* [CP] Check Pods Manifest.lock */ = {
			isa = PBXShellScriptBuildPhase;
			buildActionMask = 2147483647;
			files = (
			);
			inputFileListPaths = (
			);
			inputPaths = (
				"${PODS_PODFILE_DIR_PATH}/Podfile.lock",
				"${PODS_ROOT}/Manifest.lock",
			);
			name = "[CP] Check Pods Manifest.lock";
			outputFileListPaths = (
			);
			outputPaths = (
				"$(DERIVED_FILE_DIR)/Pods-amiibo-swiftUITests-checkManifestLockResult.txt",
			);
			runOnlyForDeploymentPostprocessing = 0;
			shellPath = /bin/sh;
			shellScript = "diff \"${PODS_PODFILE_DIR_PATH}/Podfile.lock\" \"${PODS_ROOT}/Manifest.lock\" > /dev/null\nif [ $? != 0 ] ; then\n    # print error to STDERR\n    echo \"error: The sandbox is not in sync with the Podfile.lock. Run 'pod install' or update your CocoaPods installation.\" >&2\n    exit 1\nfi\n# This output is used by Xcode 'outputs' to avoid re-running this script phase.\necho \"SUCCESS\" > \"${SCRIPT_OUTPUT_FILE_0}\"\n";
			showEnvVarsInLog = 0;
		};
		5047C0896871AED0980D7744 /* [CP] Embed Pods Frameworks */ = {
			isa = PBXShellScriptBuildPhase;
			buildActionMask = 2147483647;
			files = (
			);
			inputFileListPaths = (
				"${PODS_ROOT}/Target Support Files/Pods-amiibo-swift/Pods-amiibo-swift-frameworks-${CONFIGURATION}-input-files.xcfilelist",
			);
			name = "[CP] Embed Pods Frameworks";
			outputFileListPaths = (
				"${PODS_ROOT}/Target Support Files/Pods-amiibo-swift/Pods-amiibo-swift-frameworks-${CONFIGURATION}-output-files.xcfilelist",
			);
			runOnlyForDeploymentPostprocessing = 0;
			shellPath = /bin/sh;
			shellScript = "\"${PODS_ROOT}/Target Support Files/Pods-amiibo-swift/Pods-amiibo-swift-frameworks.sh\"\n";
			showEnvVarsInLog = 0;
		};
		5B040C956A1E2CA220B71C5E /* [CP] Check Pods Manifest.lock */ = {
			isa = PBXShellScriptBuildPhase;
			buildActionMask = 2147483647;
			files = (
			);
			inputFileListPaths = (
			);
			inputPaths = (
				"${PODS_PODFILE_DIR_PATH}/Podfile.lock",
				"${PODS_ROOT}/Manifest.lock",
			);
			name = "[CP] Check Pods Manifest.lock";
			outputFileListPaths = (
			);
			outputPaths = (
				"$(DERIVED_FILE_DIR)/Pods-Services-checkManifestLockResult.txt",
			);
			runOnlyForDeploymentPostprocessing = 0;
			shellPath = /bin/sh;
			shellScript = "diff \"${PODS_PODFILE_DIR_PATH}/Podfile.lock\" \"${PODS_ROOT}/Manifest.lock\" > /dev/null\nif [ $? != 0 ] ; then\n    # print error to STDERR\n    echo \"error: The sandbox is not in sync with the Podfile.lock. Run 'pod install' or update your CocoaPods installation.\" >&2\n    exit 1\nfi\n# This output is used by Xcode 'outputs' to avoid re-running this script phase.\necho \"SUCCESS\" > \"${SCRIPT_OUTPUT_FILE_0}\"\n";
			showEnvVarsInLog = 0;
		};
		690227C07EBA02966B47008C /* [CP] Check Pods Manifest.lock */ = {
			isa = PBXShellScriptBuildPhase;
			buildActionMask = 2147483647;
			files = (
			);
			inputFileListPaths = (
			);
			inputPaths = (
				"${PODS_PODFILE_DIR_PATH}/Podfile.lock",
				"${PODS_ROOT}/Manifest.lock",
			);
			name = "[CP] Check Pods Manifest.lock";
			outputFileListPaths = (
			);
			outputPaths = (
				"$(DERIVED_FILE_DIR)/Pods-amiibo-swiftTests-checkManifestLockResult.txt",
			);
			runOnlyForDeploymentPostprocessing = 0;
			shellPath = /bin/sh;
			shellScript = "diff \"${PODS_PODFILE_DIR_PATH}/Podfile.lock\" \"${PODS_ROOT}/Manifest.lock\" > /dev/null\nif [ $? != 0 ] ; then\n    # print error to STDERR\n    echo \"error: The sandbox is not in sync with the Podfile.lock. Run 'pod install' or update your CocoaPods installation.\" >&2\n    exit 1\nfi\n# This output is used by Xcode 'outputs' to avoid re-running this script phase.\necho \"SUCCESS\" > \"${SCRIPT_OUTPUT_FILE_0}\"\n";
			showEnvVarsInLog = 0;
		};
		6FD891E46104515957E4263D /* [CP] Embed Pods Frameworks */ = {
			isa = PBXShellScriptBuildPhase;
			buildActionMask = 2147483647;
			files = (
			);
			inputFileListPaths = (
				"${PODS_ROOT}/Target Support Files/Pods-amiibo-swiftUITests/Pods-amiibo-swiftUITests-frameworks-${CONFIGURATION}-input-files.xcfilelist",
			);
			name = "[CP] Embed Pods Frameworks";
			outputFileListPaths = (
				"${PODS_ROOT}/Target Support Files/Pods-amiibo-swiftUITests/Pods-amiibo-swiftUITests-frameworks-${CONFIGURATION}-output-files.xcfilelist",
			);
			runOnlyForDeploymentPostprocessing = 0;
			shellPath = /bin/sh;
			shellScript = "\"${PODS_ROOT}/Target Support Files/Pods-amiibo-swiftUITests/Pods-amiibo-swiftUITests-frameworks.sh\"\n";
			showEnvVarsInLog = 0;
		};
		BB2AC85511DC2B7F446DCE39 /* [CP] Check Pods Manifest.lock */ = {
			isa = PBXShellScriptBuildPhase;
			buildActionMask = 2147483647;
			files = (
			);
			inputFileListPaths = (
			);
			inputPaths = (
				"${PODS_PODFILE_DIR_PATH}/Podfile.lock",
				"${PODS_ROOT}/Manifest.lock",
			);
			name = "[CP] Check Pods Manifest.lock";
			outputFileListPaths = (
			);
			outputPaths = (
				"$(DERIVED_FILE_DIR)/Pods-amiibo-swift-checkManifestLockResult.txt",
			);
			runOnlyForDeploymentPostprocessing = 0;
			shellPath = /bin/sh;
			shellScript = "diff \"${PODS_PODFILE_DIR_PATH}/Podfile.lock\" \"${PODS_ROOT}/Manifest.lock\" > /dev/null\nif [ $? != 0 ] ; then\n    # print error to STDERR\n    echo \"error: The sandbox is not in sync with the Podfile.lock. Run 'pod install' or update your CocoaPods installation.\" >&2\n    exit 1\nfi\n# This output is used by Xcode 'outputs' to avoid re-running this script phase.\necho \"SUCCESS\" > \"${SCRIPT_OUTPUT_FILE_0}\"\n";
			showEnvVarsInLog = 0;
		};
		EE7E9CD9265BB20F0077E16F /* SwiftGen - Generate files  */ = {
			isa = PBXShellScriptBuildPhase;
			buildActionMask = 2147483647;
			files = (
			);
			inputFileListPaths = (
			);
			inputPaths = (
			);
			name = "SwiftGen - Generate files ";
			outputFileListPaths = (
			);
			outputPaths = (
			);
			runOnlyForDeploymentPostprocessing = 0;
			shellPath = /bin/sh;
			shellScript = "if [[ -f \"${PODS_ROOT}/SwiftGen/bin/swiftgen\" ]]; then\n  \"${PODS_ROOT}/SwiftGen/bin/swiftgen\"\nelse\n  echo \"warning: SwiftGen is not installed. Run 'pod install --repo-update' to install it.\"\nfi\n";
		};
/* End PBXShellScriptBuildPhase section */

/* Begin PBXSourcesBuildPhase section */
		EE0A8824265BA94D00DE81FE /* Sources */ = {
			isa = PBXSourcesBuildPhase;
			buildActionMask = 2147483647;
			files = (
			);
			runOnlyForDeploymentPostprocessing = 0;
		};
		EE0A882C265BA94E00DE81FE /* Sources */ = {
			isa = PBXSourcesBuildPhase;
			buildActionMask = 2147483647;
			files = (
				EE0A8838265BA94E00DE81FE /* ServicesTests.swift in Sources */,
			);
			runOnlyForDeploymentPostprocessing = 0;
		};
		EEEEA92F265BA334005CE457 /* Sources */ = {
			isa = PBXSourcesBuildPhase;
			buildActionMask = 2147483647;
			files = (
				EE8B8002265F574A0047B43A /* Font.swift in Sources */,
				EEADBD06265F792C003DEB8F /* Colors.swift in Sources */,
				EEEEA93B265BA335005CE457 /* ViewController.swift in Sources */,
				EEADBD18265F799F003DEB8F /* Imges.swift in Sources */,
				EEEEA937265BA335005CE457 /* AppDelegate.swift in Sources */,
				EEADBD12265F794C003DEB8F /* StoryboardSegue.swift in Sources */,
				EEADBD0C265F793F003DEB8F /* Storyboard.swift in Sources */,
				EEEEA939265BA335005CE457 /* SceneDelegate.swift in Sources */,
			);
			runOnlyForDeploymentPostprocessing = 0;
		};
		EEEEA945265BA337005CE457 /* Sources */ = {
			isa = PBXSourcesBuildPhase;
			buildActionMask = 2147483647;
			files = (
				EEADBD0D265F793F003DEB8F /* Storyboard.swift in Sources */,
				EE8B8003265F574F0047B43A /* Font.swift in Sources */,
				EEADBD07265F792C003DEB8F /* Colors.swift in Sources */,
				EEADBD19265F799F003DEB8F /* Imges.swift in Sources */,
				EEEEA94E265BA337005CE457 /* amiibo_swiftTests.swift in Sources */,
				EEADBD13265F794C003DEB8F /* StoryboardSegue.swift in Sources */,
			);
			runOnlyForDeploymentPostprocessing = 0;
		};
		EEEEA950265BA337005CE457 /* Sources */ = {
			isa = PBXSourcesBuildPhase;
			buildActionMask = 2147483647;
			files = (
				EEADBD0E265F793F003DEB8F /* Storyboard.swift in Sources */,
				EE8B8004265F57500047B43A /* Font.swift in Sources */,
				EEADBD08265F792C003DEB8F /* Colors.swift in Sources */,
				EEADBD1A265F799F003DEB8F /* Imges.swift in Sources */,
				EEEEA959265BA337005CE457 /* amiibo_swiftUITests.swift in Sources */,
				EEADBD14265F794C003DEB8F /* StoryboardSegue.swift in Sources */,
			);
			runOnlyForDeploymentPostprocessing = 0;
		};
/* End PBXSourcesBuildPhase section */

/* Begin PBXTargetDependency section */
		EE0A8833265BA94E00DE81FE /* PBXTargetDependency */ = {
			isa = PBXTargetDependency;
			target = EE0A8827265BA94D00DE81FE /* Services */;
			targetProxy = EE0A8832265BA94E00DE81FE /* PBXContainerItemProxy */;
		};
		EE0A8835265BA94E00DE81FE /* PBXTargetDependency */ = {
			isa = PBXTargetDependency;
			target = EEEEA932265BA334005CE457 /* amiibo-swift */;
			targetProxy = EE0A8834265BA94E00DE81FE /* PBXContainerItemProxy */;
		};
		EE0A883C265BA94E00DE81FE /* PBXTargetDependency */ = {
			isa = PBXTargetDependency;
			target = EE0A8827265BA94D00DE81FE /* Services */;
			targetProxy = EE0A883B265BA94E00DE81FE /* PBXContainerItemProxy */;
		};
		EEEEA94B265BA337005CE457 /* PBXTargetDependency */ = {
			isa = PBXTargetDependency;
			target = EEEEA932265BA334005CE457 /* amiibo-swift */;
			targetProxy = EEEEA94A265BA337005CE457 /* PBXContainerItemProxy */;
		};
		EEEEA956265BA337005CE457 /* PBXTargetDependency */ = {
			isa = PBXTargetDependency;
			target = EEEEA932265BA334005CE457 /* amiibo-swift */;
			targetProxy = EEEEA955265BA337005CE457 /* PBXContainerItemProxy */;
		};
/* End PBXTargetDependency section */

/* Begin PBXVariantGroup section */
		EEEEA93C265BA335005CE457 /* Main.storyboard */ = {
			isa = PBXVariantGroup;
			children = (
				EEEEA93D265BA335005CE457 /* Base */,
			);
			name = Main.storyboard;
			sourceTree = "<group>";
		};
		EEEEA941265BA337005CE457 /* LaunchScreen.storyboard */ = {
			isa = PBXVariantGroup;
			children = (
				EEEEA942265BA337005CE457 /* Base */,
			);
			name = LaunchScreen.storyboard;
			sourceTree = "<group>";
		};
/* End PBXVariantGroup section */

/* Begin XCBuildConfiguration section */
		EE0A8840265BA94E00DE81FE /* Debug */ = {
			isa = XCBuildConfiguration;
			baseConfigurationReference = 77244ADA7DEB2805874728A9 /* Pods-Services.debug.xcconfig */;
			buildSettings = {
				CLANG_ENABLE_MODULES = YES;
				CODE_SIGN_STYLE = Automatic;
				CURRENT_PROJECT_VERSION = 1;
				DEFINES_MODULE = YES;
				DEVELOPMENT_TEAM = PHK95RXFWX;
				DYLIB_COMPATIBILITY_VERSION = 1;
				DYLIB_CURRENT_VERSION = 1;
				DYLIB_INSTALL_NAME_BASE = "@rpath";
				INFOPLIST_FILE = Services/Info.plist;
				INSTALL_PATH = "$(LOCAL_LIBRARY_DIR)/Frameworks";
				LD_RUNPATH_SEARCH_PATHS = (
					"$(inherited)",
					"@executable_path/Frameworks",
					"@loader_path/Frameworks",
				);
				PRODUCT_BUNDLE_IDENTIFIER = com.surachet.th.Services;
				PRODUCT_NAME = "$(TARGET_NAME:c99extidentifier)";
				SKIP_INSTALL = YES;
				SWIFT_OPTIMIZATION_LEVEL = "-Onone";
				SWIFT_VERSION = 5.0;
				TARGETED_DEVICE_FAMILY = "1,2";
				VERSIONING_SYSTEM = "apple-generic";
				VERSION_INFO_PREFIX = "";
			};
			name = Debug;
		};
		EE0A8841265BA94E00DE81FE /* Release */ = {
			isa = XCBuildConfiguration;
			baseConfigurationReference = 4E45642691D521B25DB79E1F /* Pods-Services.release.xcconfig */;
			buildSettings = {
				CLANG_ENABLE_MODULES = YES;
				CODE_SIGN_STYLE = Automatic;
				CURRENT_PROJECT_VERSION = 1;
				DEFINES_MODULE = YES;
				DEVELOPMENT_TEAM = PHK95RXFWX;
				DYLIB_COMPATIBILITY_VERSION = 1;
				DYLIB_CURRENT_VERSION = 1;
				DYLIB_INSTALL_NAME_BASE = "@rpath";
				INFOPLIST_FILE = Services/Info.plist;
				INSTALL_PATH = "$(LOCAL_LIBRARY_DIR)/Frameworks";
				LD_RUNPATH_SEARCH_PATHS = (
					"$(inherited)",
					"@executable_path/Frameworks",
					"@loader_path/Frameworks",
				);
				PRODUCT_BUNDLE_IDENTIFIER = com.surachet.th.Services;
				PRODUCT_NAME = "$(TARGET_NAME:c99extidentifier)";
				SKIP_INSTALL = YES;
				SWIFT_VERSION = 5.0;
				TARGETED_DEVICE_FAMILY = "1,2";
				VERSIONING_SYSTEM = "apple-generic";
				VERSION_INFO_PREFIX = "";
			};
			name = Release;
		};
		EE0A8842265BA94E00DE81FE /* Debug */ = {
			isa = XCBuildConfiguration;
			buildSettings = {
				CODE_SIGN_STYLE = Automatic;
				DEVELOPMENT_TEAM = PHK95RXFWX;
				INFOPLIST_FILE = ServicesTests/Info.plist;
				LD_RUNPATH_SEARCH_PATHS = (
					"$(inherited)",
					"@executable_path/Frameworks",
					"@loader_path/Frameworks",
				);
				PRODUCT_BUNDLE_IDENTIFIER = com.surachet.th.ServicesTests;
				PRODUCT_NAME = "$(TARGET_NAME)";
				SWIFT_VERSION = 5.0;
				TARGETED_DEVICE_FAMILY = "1,2";
				TEST_HOST = "$(BUILT_PRODUCTS_DIR)/amiibo-swift.app/amiibo-swift";
			};
			name = Debug;
		};
		EE0A8843265BA94E00DE81FE /* Release */ = {
			isa = XCBuildConfiguration;
			buildSettings = {
				CODE_SIGN_STYLE = Automatic;
				DEVELOPMENT_TEAM = PHK95RXFWX;
				INFOPLIST_FILE = ServicesTests/Info.plist;
				LD_RUNPATH_SEARCH_PATHS = (
					"$(inherited)",
					"@executable_path/Frameworks",
					"@loader_path/Frameworks",
				);
				PRODUCT_BUNDLE_IDENTIFIER = com.surachet.th.ServicesTests;
				PRODUCT_NAME = "$(TARGET_NAME)";
				SWIFT_VERSION = 5.0;
				TARGETED_DEVICE_FAMILY = "1,2";
				TEST_HOST = "$(BUILT_PRODUCTS_DIR)/amiibo-swift.app/amiibo-swift";
			};
			name = Release;
		};
		EEEEA95B265BA337005CE457 /* Debug */ = {
			isa = XCBuildConfiguration;
			buildSettings = {
				ALWAYS_SEARCH_USER_PATHS = NO;
				CLANG_ANALYZER_NONNULL = YES;
				CLANG_ANALYZER_NUMBER_OBJECT_CONVERSION = YES_AGGRESSIVE;
				CLANG_CXX_LANGUAGE_STANDARD = "gnu++14";
				CLANG_CXX_LIBRARY = "libc++";
				CLANG_ENABLE_MODULES = YES;
				CLANG_ENABLE_OBJC_ARC = YES;
				CLANG_ENABLE_OBJC_WEAK = YES;
				CLANG_WARN_BLOCK_CAPTURE_AUTORELEASING = YES;
				CLANG_WARN_BOOL_CONVERSION = YES;
				CLANG_WARN_COMMA = YES;
				CLANG_WARN_CONSTANT_CONVERSION = YES;
				CLANG_WARN_DEPRECATED_OBJC_IMPLEMENTATIONS = YES;
				CLANG_WARN_DIRECT_OBJC_ISA_USAGE = YES_ERROR;
				CLANG_WARN_DOCUMENTATION_COMMENTS = YES;
				CLANG_WARN_EMPTY_BODY = YES;
				CLANG_WARN_ENUM_CONVERSION = YES;
				CLANG_WARN_INFINITE_RECURSION = YES;
				CLANG_WARN_INT_CONVERSION = YES;
				CLANG_WARN_NON_LITERAL_NULL_CONVERSION = YES;
				CLANG_WARN_OBJC_IMPLICIT_RETAIN_SELF = YES;
				CLANG_WARN_OBJC_LITERAL_CONVERSION = YES;
				CLANG_WARN_OBJC_ROOT_CLASS = YES_ERROR;
				CLANG_WARN_QUOTED_INCLUDE_IN_FRAMEWORK_HEADER = YES;
				CLANG_WARN_RANGE_LOOP_ANALYSIS = YES;
				CLANG_WARN_STRICT_PROTOTYPES = YES;
				CLANG_WARN_SUSPICIOUS_MOVE = YES;
				CLANG_WARN_UNGUARDED_AVAILABILITY = YES_AGGRESSIVE;
				CLANG_WARN_UNREACHABLE_CODE = YES;
				CLANG_WARN__DUPLICATE_METHOD_MATCH = YES;
				COPY_PHASE_STRIP = NO;
				DEBUG_INFORMATION_FORMAT = dwarf;
				ENABLE_STRICT_OBJC_MSGSEND = YES;
				ENABLE_TESTABILITY = YES;
				GCC_C_LANGUAGE_STANDARD = gnu11;
				GCC_DYNAMIC_NO_PIC = NO;
				GCC_NO_COMMON_BLOCKS = YES;
				GCC_OPTIMIZATION_LEVEL = 0;
				GCC_PREPROCESSOR_DEFINITIONS = (
					"DEBUG=1",
					"$(inherited)",
				);
				GCC_WARN_64_TO_32_BIT_CONVERSION = YES;
				GCC_WARN_ABOUT_RETURN_TYPE = YES_ERROR;
				GCC_WARN_UNDECLARED_SELECTOR = YES;
				GCC_WARN_UNINITIALIZED_AUTOS = YES_AGGRESSIVE;
				GCC_WARN_UNUSED_FUNCTION = YES;
				GCC_WARN_UNUSED_VARIABLE = YES;
				IPHONEOS_DEPLOYMENT_TARGET = 14.5;
				MTL_ENABLE_DEBUG_INFO = INCLUDE_SOURCE;
				MTL_FAST_MATH = YES;
				ONLY_ACTIVE_ARCH = YES;
				SDKROOT = iphoneos;
				SWIFT_ACTIVE_COMPILATION_CONDITIONS = DEBUG;
				SWIFT_OPTIMIZATION_LEVEL = "-Onone";
			};
			name = Debug;
		};
		EEEEA95C265BA337005CE457 /* Release */ = {
			isa = XCBuildConfiguration;
			buildSettings = {
				ALWAYS_SEARCH_USER_PATHS = NO;
				CLANG_ANALYZER_NONNULL = YES;
				CLANG_ANALYZER_NUMBER_OBJECT_CONVERSION = YES_AGGRESSIVE;
				CLANG_CXX_LANGUAGE_STANDARD = "gnu++14";
				CLANG_CXX_LIBRARY = "libc++";
				CLANG_ENABLE_MODULES = YES;
				CLANG_ENABLE_OBJC_ARC = YES;
				CLANG_ENABLE_OBJC_WEAK = YES;
				CLANG_WARN_BLOCK_CAPTURE_AUTORELEASING = YES;
				CLANG_WARN_BOOL_CONVERSION = YES;
				CLANG_WARN_COMMA = YES;
				CLANG_WARN_CONSTANT_CONVERSION = YES;
				CLANG_WARN_DEPRECATED_OBJC_IMPLEMENTATIONS = YES;
				CLANG_WARN_DIRECT_OBJC_ISA_USAGE = YES_ERROR;
				CLANG_WARN_DOCUMENTATION_COMMENTS = YES;
				CLANG_WARN_EMPTY_BODY = YES;
				CLANG_WARN_ENUM_CONVERSION = YES;
				CLANG_WARN_INFINITE_RECURSION = YES;
				CLANG_WARN_INT_CONVERSION = YES;
				CLANG_WARN_NON_LITERAL_NULL_CONVERSION = YES;
				CLANG_WARN_OBJC_IMPLICIT_RETAIN_SELF = YES;
				CLANG_WARN_OBJC_LITERAL_CONVERSION = YES;
				CLANG_WARN_OBJC_ROOT_CLASS = YES_ERROR;
				CLANG_WARN_QUOTED_INCLUDE_IN_FRAMEWORK_HEADER = YES;
				CLANG_WARN_RANGE_LOOP_ANALYSIS = YES;
				CLANG_WARN_STRICT_PROTOTYPES = YES;
				CLANG_WARN_SUSPICIOUS_MOVE = YES;
				CLANG_WARN_UNGUARDED_AVAILABILITY = YES_AGGRESSIVE;
				CLANG_WARN_UNREACHABLE_CODE = YES;
				CLANG_WARN__DUPLICATE_METHOD_MATCH = YES;
				COPY_PHASE_STRIP = NO;
				DEBUG_INFORMATION_FORMAT = "dwarf-with-dsym";
				ENABLE_NS_ASSERTIONS = NO;
				ENABLE_STRICT_OBJC_MSGSEND = YES;
				GCC_C_LANGUAGE_STANDARD = gnu11;
				GCC_NO_COMMON_BLOCKS = YES;
				GCC_WARN_64_TO_32_BIT_CONVERSION = YES;
				GCC_WARN_ABOUT_RETURN_TYPE = YES_ERROR;
				GCC_WARN_UNDECLARED_SELECTOR = YES;
				GCC_WARN_UNINITIALIZED_AUTOS = YES_AGGRESSIVE;
				GCC_WARN_UNUSED_FUNCTION = YES;
				GCC_WARN_UNUSED_VARIABLE = YES;
				IPHONEOS_DEPLOYMENT_TARGET = 14.5;
				MTL_ENABLE_DEBUG_INFO = NO;
				MTL_FAST_MATH = YES;
				SDKROOT = iphoneos;
				SWIFT_COMPILATION_MODE = wholemodule;
				SWIFT_OPTIMIZATION_LEVEL = "-O";
				VALIDATE_PRODUCT = YES;
			};
			name = Release;
		};
		EEEEA95E265BA337005CE457 /* Debug */ = {
			isa = XCBuildConfiguration;
			baseConfigurationReference = 2C0AC5199E07FEB1D90E02A6 /* Pods-amiibo-swift.debug.xcconfig */;
			buildSettings = {
				ASSETCATALOG_COMPILER_APPICON_NAME = AppIcon;
				ASSETCATALOG_COMPILER_GLOBAL_ACCENT_COLOR_NAME = AccentColor;
				CODE_SIGN_STYLE = Automatic;
				DEVELOPMENT_TEAM = PHK95RXFWX;
				INFOPLIST_FILE = "amiibo-swift/Info.plist";
				LD_RUNPATH_SEARCH_PATHS = (
					"$(inherited)",
					"@executable_path/Frameworks",
				);
				OTHER_LDFLAGS = (
					"$(inherited)",
					"-l\"c++\"",
					"-l\"sqlite3\"",
					"-l\"z\"",
					"-framework",
					"\"Alamofire\"",
					"-framework",
					"\"CFNetwork\"",
					"-framework",
					"\"CoreTelephony\"",
					"-framework",
					"\"FBLPromises\"",
					"-framework",
					"\"FirebaseAnalytics\"",
					"-framework",
					"\"FirebaseCore\"",
					"-framework",
					"\"FirebaseCoreDiagnostics\"",
					"-framework",
					"\"FirebaseCrashlytics\"",
					"-framework",
					"\"FirebaseInstallations\"",
					"-framework",
					"\"Foundation\"",
					"-framework",
					"\"GoogleAppMeasurement\"",
					"-framework",
					"\"GoogleDataTransport\"",
					"-framework",
					"\"GoogleUtilities\"",
					"-framework",
					"\"Moya\"",
					"-framework",
					"\"Resolver\"",
					"-framework",
					"\"Security\"",
					"-framework",
					"\"StoreKit\"",
					"-framework",
					"\"SystemConfiguration\"",
					"-framework",
					"\"UIKit\"",
					"-framework",
					"\"nanopb\"",
				);
				PRODUCT_BUNDLE_IDENTIFIER = "com.surachet.th.amiibo-swift";
				PRODUCT_NAME = "$(TARGET_NAME)";
				SWIFT_VERSION = 5.0;
				TARGETED_DEVICE_FAMILY = "1,2";
			};
			name = Debug;
		};
		EEEEA95F265BA337005CE457 /* Release */ = {
			isa = XCBuildConfiguration;
			baseConfigurationReference = B2D776D83874BA70D6DF74F3 /* Pods-amiibo-swift.release.xcconfig */;
			buildSettings = {
				ASSETCATALOG_COMPILER_APPICON_NAME = AppIcon;
				ASSETCATALOG_COMPILER_GLOBAL_ACCENT_COLOR_NAME = AccentColor;
				CODE_SIGN_STYLE = Automatic;
				DEVELOPMENT_TEAM = PHK95RXFWX;
				INFOPLIST_FILE = "amiibo-swift/Info.plist";
				LD_RUNPATH_SEARCH_PATHS = (
					"$(inherited)",
					"@executable_path/Frameworks",
				);
				OTHER_LDFLAGS = (
					"$(inherited)",
					"-l\"c++\"",
					"-l\"sqlite3\"",
					"-l\"z\"",
					"-framework",
					"\"Alamofire\"",
					"-framework",
					"\"CFNetwork\"",
					"-framework",
					"\"CoreTelephony\"",
					"-framework",
					"\"FBLPromises\"",
					"-framework",
					"\"FirebaseAnalytics\"",
					"-framework",
					"\"FirebaseCore\"",
					"-framework",
					"\"FirebaseCoreDiagnostics\"",
					"-framework",
					"\"FirebaseCrashlytics\"",
					"-framework",
					"\"FirebaseInstallations\"",
					"-framework",
					"\"Foundation\"",
					"-framework",
					"\"GoogleAppMeasurement\"",
					"-framework",
					"\"GoogleDataTransport\"",
					"-framework",
					"\"GoogleUtilities\"",
					"-framework",
					"\"Moya\"",
					"-framework",
					"\"Resolver\"",
					"-framework",
					"\"Security\"",
					"-framework",
					"\"StoreKit\"",
					"-framework",
					"\"SystemConfiguration\"",
					"-framework",
					"\"UIKit\"",
					"-framework",
					"\"nanopb\"",
				);
				PRODUCT_BUNDLE_IDENTIFIER = "com.surachet.th.amiibo-swift";
				PRODUCT_NAME = "$(TARGET_NAME)";
				SWIFT_COMPILATION_MODE = wholemodule;
				SWIFT_VERSION = 5.0;
				TARGETED_DEVICE_FAMILY = "1,2";
			};
			name = Release;
		};
		EEEEA961265BA337005CE457 /* Debug */ = {
			isa = XCBuildConfiguration;
			baseConfigurationReference = A852AF3A3DAEAFABAD712428 /* Pods-amiibo-swiftTests.debug.xcconfig */;
			buildSettings = {
				ALWAYS_EMBED_SWIFT_STANDARD_LIBRARIES = YES;
				BUNDLE_LOADER = "$(TEST_HOST)";
				CODE_SIGN_STYLE = Automatic;
				DEVELOPMENT_TEAM = PHK95RXFWX;
				INFOPLIST_FILE = "amiibo-swiftTests/Info.plist";
				IPHONEOS_DEPLOYMENT_TARGET = 14.5;
				LD_RUNPATH_SEARCH_PATHS = (
					"$(inherited)",
					"@executable_path/Frameworks",
					"@loader_path/Frameworks",
				);
				PRODUCT_BUNDLE_IDENTIFIER = "com.surachet.th.amiibo-swiftTests";
				PRODUCT_NAME = "$(TARGET_NAME)";
				SWIFT_VERSION = 5.0;
				TARGETED_DEVICE_FAMILY = "1,2";
				TEST_HOST = "$(BUILT_PRODUCTS_DIR)/amiibo-swift.app/amiibo-swift";
			};
			name = Debug;
		};
		EEEEA962265BA337005CE457 /* Release */ = {
			isa = XCBuildConfiguration;
			baseConfigurationReference = 88EC056E934C274A39AC5059 /* Pods-amiibo-swiftTests.release.xcconfig */;
			buildSettings = {
				ALWAYS_EMBED_SWIFT_STANDARD_LIBRARIES = YES;
				BUNDLE_LOADER = "$(TEST_HOST)";
				CODE_SIGN_STYLE = Automatic;
				DEVELOPMENT_TEAM = PHK95RXFWX;
				INFOPLIST_FILE = "amiibo-swiftTests/Info.plist";
				IPHONEOS_DEPLOYMENT_TARGET = 14.5;
				LD_RUNPATH_SEARCH_PATHS = (
					"$(inherited)",
					"@executable_path/Frameworks",
					"@loader_path/Frameworks",
				);
				PRODUCT_BUNDLE_IDENTIFIER = "com.surachet.th.amiibo-swiftTests";
				PRODUCT_NAME = "$(TARGET_NAME)";
				SWIFT_VERSION = 5.0;
				TARGETED_DEVICE_FAMILY = "1,2";
				TEST_HOST = "$(BUILT_PRODUCTS_DIR)/amiibo-swift.app/amiibo-swift";
			};
			name = Release;
		};
		EEEEA964265BA337005CE457 /* Debug */ = {
			isa = XCBuildConfiguration;
			baseConfigurationReference = 1155C52DC1F94D2CE451D0E7 /* Pods-amiibo-swiftUITests.debug.xcconfig */;
			buildSettings = {
				ALWAYS_EMBED_SWIFT_STANDARD_LIBRARIES = YES;
				CODE_SIGN_STYLE = Automatic;
				DEVELOPMENT_TEAM = PHK95RXFWX;
				INFOPLIST_FILE = "amiibo-swiftUITests/Info.plist";
				LD_RUNPATH_SEARCH_PATHS = (
					"$(inherited)",
					"@executable_path/Frameworks",
					"@loader_path/Frameworks",
				);
				PRODUCT_BUNDLE_IDENTIFIER = "com.surachet.th.amiibo-swiftUITests";
				PRODUCT_NAME = "$(TARGET_NAME)";
				SWIFT_VERSION = 5.0;
				TARGETED_DEVICE_FAMILY = "1,2";
				TEST_TARGET_NAME = "amiibo-swift";
			};
			name = Debug;
		};
		EEEEA965265BA337005CE457 /* Release */ = {
			isa = XCBuildConfiguration;
			baseConfigurationReference = 7644AE1D85CF0BCBDB4B64D7 /* Pods-amiibo-swiftUITests.release.xcconfig */;
			buildSettings = {
				ALWAYS_EMBED_SWIFT_STANDARD_LIBRARIES = YES;
				CODE_SIGN_STYLE = Automatic;
				DEVELOPMENT_TEAM = PHK95RXFWX;
				INFOPLIST_FILE = "amiibo-swiftUITests/Info.plist";
				LD_RUNPATH_SEARCH_PATHS = (
					"$(inherited)",
					"@executable_path/Frameworks",
					"@loader_path/Frameworks",
				);
				PRODUCT_BUNDLE_IDENTIFIER = "com.surachet.th.amiibo-swiftUITests";
				PRODUCT_NAME = "$(TARGET_NAME)";
				SWIFT_VERSION = 5.0;
				TARGETED_DEVICE_FAMILY = "1,2";
				TEST_TARGET_NAME = "amiibo-swift";
			};
			name = Release;
		};
/* End XCBuildConfiguration section */

/* Begin XCConfigurationList section */
		EE0A8844265BA94E00DE81FE /* Build configuration list for PBXNativeTarget "Services" */ = {
			isa = XCConfigurationList;
			buildConfigurations = (
				EE0A8840265BA94E00DE81FE /* Debug */,
				EE0A8841265BA94E00DE81FE /* Release */,
			);
			defaultConfigurationIsVisible = 0;
			defaultConfigurationName = Release;
		};
		EE0A8845265BA94E00DE81FE /* Build configuration list for PBXNativeTarget "ServicesTests" */ = {
			isa = XCConfigurationList;
			buildConfigurations = (
				EE0A8842265BA94E00DE81FE /* Debug */,
				EE0A8843265BA94E00DE81FE /* Release */,
			);
			defaultConfigurationIsVisible = 0;
			defaultConfigurationName = Release;
		};
		EEEEA92E265BA334005CE457 /* Build configuration list for PBXProject "amiibo-swift" */ = {
			isa = XCConfigurationList;
			buildConfigurations = (
				EEEEA95B265BA337005CE457 /* Debug */,
				EEEEA95C265BA337005CE457 /* Release */,
			);
			defaultConfigurationIsVisible = 0;
			defaultConfigurationName = Release;
		};
		EEEEA95D265BA337005CE457 /* Build configuration list for PBXNativeTarget "amiibo-swift" */ = {
			isa = XCConfigurationList;
			buildConfigurations = (
				EEEEA95E265BA337005CE457 /* Debug */,
				EEEEA95F265BA337005CE457 /* Release */,
			);
			defaultConfigurationIsVisible = 0;
			defaultConfigurationName = Release;
		};
		EEEEA960265BA337005CE457 /* Build configuration list for PBXNativeTarget "amiibo-swiftTests" */ = {
			isa = XCConfigurationList;
			buildConfigurations = (
				EEEEA961265BA337005CE457 /* Debug */,
				EEEEA962265BA337005CE457 /* Release */,
			);
			defaultConfigurationIsVisible = 0;
			defaultConfigurationName = Release;
		};
		EEEEA963265BA337005CE457 /* Build configuration list for PBXNativeTarget "amiibo-swiftUITests" */ = {
			isa = XCConfigurationList;
			buildConfigurations = (
				EEEEA964265BA337005CE457 /* Debug */,
				EEEEA965265BA337005CE457 /* Release */,
			);
			defaultConfigurationIsVisible = 0;
			defaultConfigurationName = Release;
		};
/* End XCConfigurationList section */
	};
	rootObject = EEEEA92B265BA334005CE457 /* Project object */;
}
